# generated by rye
# use `rye lock` or `rye sync` to update this lockfile
#
# last locked with the following flags:
#   pre: false
#   features: []
#   all-features: false
#   with-sources: false
#   generate-hashes: false
#   universal: false

-e file:.
blinker==1.8.2
    # via flask
certifi==2024.8.30
    # via requests
charset-normalizer==3.3.2
    # via requests
click==8.1.7
    # via dask
    # via flask
cloudpickle==3.0.0
    # via dask
colorama==0.4.6
    # via click
    # via tqdm
dask==2024.9.0
    # via dask
    # via dask-expr
    # via swifter
dask-expr==1.1.14
    # via dask
et-xmlfile==1.1.0
    # via openpyxl
flask==3.0.3
    # via demeter
fsspec==2024.9.0
    # via dask
greenlet==3.1.0
    # via sqlalchemy
idna==3.10
    # via requests
itsdangerous==2.2.0
    # via flask
jinja2==3.1.4
    # via flask
locket==1.0.0
    # via partd
markupsafe==2.1.5
    # via jinja2
    # via werkzeug
numpy==2.1.1
    # via dask
    # via pandas
    # via pyarrow
openpyxl==3.1.2
    # via demeter
packaging==24.1
    # via dask
pandas==2.2.2
    # via dask
    # via dask-expr
    # via demeter
    # via swifter
partd==1.4.2
    # via dask
psutil==6.0.0
    # via swifter
pyarrow==17.0.0
    # via dask-expr
python-dateutil==2.9.0.post0
    # via pandas
pytz==2024.2
    # via pandas
pyyaml==6.0.2
    # via dask
requests==2.31.0
    # via demeter
six==1.16.0
    # via python-dateutil
sqlalchemy==2.0.24
    # via demeter
swifter==1.4.0
    # via demeter
toolz==0.12.1
    # via dask
    # via partd
tqdm==4.66.5
    # via swifter
typing-extensions==4.12.2
    # via sqlalchemy
tzdata==2024.1
    # via pandas
urllib3==2.2.3
    # via requests
werkzeug==3.0.4
    # via flask
